// !$*UTF8*$!
{
	archiveVersion = 1;
	classes = {
	};
	objectVersion = 56;
	objects = {

/* Begin PBXBuildFile section */
		7152AB1F2964A38000070990 /* AppDelegate.swift in Sources */ = {isa = PBXBuildFile; fileRef = 7152AB1E2964A38000070990 /* AppDelegate.swift */; };
		7152AB212964A38000070990 /* SceneDelegate.swift in Sources */ = {isa = PBXBuildFile; fileRef = 7152AB202964A38000070990 /* SceneDelegate.swift */; };
		7152AB262964A38000070990 /* Main.storyboard in Resources */ = {isa = PBXBuildFile; fileRef = 7152AB242964A38000070990 /* Main.storyboard */; };
		7152AB292964A38000070990 /* SpaceX.xcdatamodeld in Sources */ = {isa = PBXBuildFile; fileRef = 7152AB272964A38000070990 /* SpaceX.xcdatamodeld */; };
		7152AB2B2964A38100070990 /* Assets.xcassets in Resources */ = {isa = PBXBuildFile; fileRef = 7152AB2A2964A38100070990 /* Assets.xcassets */; };
		7152AB2E2964A38100070990 /* LaunchScreen.storyboard in Resources */ = {isa = PBXBuildFile; fileRef = 7152AB2C2964A38100070990 /* LaunchScreen.storyboard */; };
		7152AB372964A3C700070990 /* FirstLaunchesView.swift in Sources */ = {isa = PBXBuildFile; fileRef = 7152AB362964A3C700070990 /* FirstLaunchesView.swift */; };
		7152AB3B2964A4E600070990 /* RocketsModel.swift in Sources */ = {isa = PBXBuildFile; fileRef = 7152AB3A2964A4E600070990 /* RocketsModel.swift */; };
		7152AB3D2964A4F200070990 /* RocketInfoModel.swift in Sources */ = {isa = PBXBuildFile; fileRef = 7152AB3C2964A4F200070990 /* RocketInfoModel.swift */; };
		7152AB412964A51700070990 /* RocketsSpaceXViewController.swift in Sources */ = {isa = PBXBuildFile; fileRef = 7152AB402964A51700070990 /* RocketsSpaceXViewController.swift */; };
		7152AB462964A58A00070990 /* NetworkService.swift in Sources */ = {isa = PBXBuildFile; fileRef = 7152AB452964A58A00070990 /* NetworkService.swift */; };
		7152AB482964A59B00070990 /* INetworkService.swift in Sources */ = {isa = PBXBuildFile; fileRef = 7152AB472964A59B00070990 /* INetworkService.swift */; };
		7152AB4B2964A5CD00070990 /* UIImageView+Extension.swift in Sources */ = {isa = PBXBuildFile; fileRef = 7152AB4A2964A5CD00070990 /* UIImageView+Extension.swift */; };
		7152AB4D2964A67000070990 /* Url.swift in Sources */ = {isa = PBXBuildFile; fileRef = 7152AB4C2964A67000070990 /* Url.swift */; };
		7152AB4F2964A6BD00070990 /* RocketInfoCollectionViewCell.swift in Sources */ = {isa = PBXBuildFile; fileRef = 7152AB4E2964A6BD00070990 /* RocketInfoCollectionViewCell.swift */; };
/* End PBXBuildFile section */

/* Begin PBXFileReference section */
		7152AB1B2964A38000070990 /* SpaceX.app */ = {isa = PBXFileReference; explicitFileType = wrapper.application; includeInIndex = 0; path = SpaceX.app; sourceTree = BUILT_PRODUCTS_DIR; };
		7152AB1E2964A38000070990 /* AppDelegate.swift */ = {isa = PBXFileReference; lastKnownFileType = sourcecode.swift; path = AppDelegate.swift; sourceTree = "<group>"; };
		7152AB202964A38000070990 /* SceneDelegate.swift */ = {isa = PBXFileReference; lastKnownFileType = sourcecode.swift; path = SceneDelegate.swift; sourceTree = "<group>"; };
		7152AB252964A38000070990 /* Base */ = {isa = PBXFileReference; lastKnownFileType = file.storyboard; name = Base; path = Base.lproj/Main.storyboard; sourceTree = "<group>"; };
		7152AB282964A38000070990 /* SpaceX.xcdatamodel */ = {isa = PBXFileReference; lastKnownFileType = wrapper.xcdatamodel; path = SpaceX.xcdatamodel; sourceTree = "<group>"; };
		7152AB2A2964A38100070990 /* Assets.xcassets */ = {isa = PBXFileReference; lastKnownFileType = folder.assetcatalog; path = Assets.xcassets; sourceTree = "<group>"; };
		7152AB2D2964A38100070990 /* Base */ = {isa = PBXFileReference; lastKnownFileType = file.storyboard; name = Base; path = Base.lproj/LaunchScreen.storyboard; sourceTree = "<group>"; };
		7152AB2F2964A38100070990 /* Info.plist */ = {isa = PBXFileReference; lastKnownFileType = text.plist.xml; path = Info.plist; sourceTree = "<group>"; };
		7152AB362964A3C700070990 /* FirstLaunchesView.swift */ = {isa = PBXFileReference; lastKnownFileType = sourcecode.swift; path = FirstLaunchesView.swift; sourceTree = "<group>"; };
		7152AB3A2964A4E600070990 /* RocketsModel.swift */ = {isa = PBXFileReference; lastKnownFileType = sourcecode.swift; path = RocketsModel.swift; sourceTree = "<group>"; };
		7152AB3C2964A4F200070990 /* RocketInfoModel.swift */ = {isa = PBXFileReference; lastKnownFileType = sourcecode.swift; path = RocketInfoModel.swift; sourceTree = "<group>"; };
		7152AB402964A51700070990 /* RocketsSpaceXViewController.swift */ = {isa = PBXFileReference; lastKnownFileType = sourcecode.swift; path = RocketsSpaceXViewController.swift; sourceTree = "<group>"; };
		7152AB452964A58A00070990 /* NetworkService.swift */ = {isa = PBXFileReference; lastKnownFileType = sourcecode.swift; path = NetworkService.swift; sourceTree = "<group>"; };
		7152AB472964A59B00070990 /* INetworkService.swift */ = {isa = PBXFileReference; lastKnownFileType = sourcecode.swift; path = INetworkService.swift; sourceTree = "<group>"; };
		7152AB4A2964A5CD00070990 /* UIImageView+Extension.swift */ = {isa = PBXFileReference; lastKnownFileType = sourcecode.swift; path = "UIImageView+Extension.swift"; sourceTree = "<group>"; };
		7152AB4C2964A67000070990 /* Url.swift */ = {isa = PBXFileReference; lastKnownFileType = sourcecode.swift; path = Url.swift; sourceTree = "<group>"; };
		7152AB4E2964A6BD00070990 /* RocketInfoCollectionViewCell.swift */ = {isa = PBXFileReference; lastKnownFileType = sourcecode.swift; path = RocketInfoCollectionViewCell.swift; sourceTree = "<group>"; };
/* End PBXFileReference section */

/* Begin PBXFrameworksBuildPhase section */
		7152AB182964A38000070990 /* Frameworks */ = {
			isa = PBXFrameworksBuildPhase;
			buildActionMask = 2147483647;
			files = (
			);
			runOnlyForDeploymentPostprocessing = 0;
		};
/* End PBXFrameworksBuildPhase section */

/* Begin PBXGroup section */
		7152AB122964A38000070990 = {
			isa = PBXGroup;
			children = (
				7152AB1D2964A38000070990 /* SpaceX */,
				7152AB1C2964A38000070990 /* Products */,
			);
			sourceTree = "<group>";
		};
		7152AB1C2964A38000070990 /* Products */ = {
			isa = PBXGroup;
			children = (
				7152AB1B2964A38000070990 /* SpaceX.app */,
			);
			name = Products;
			sourceTree = "<group>";
		};
		7152AB1D2964A38000070990 /* SpaceX */ = {
			isa = PBXGroup;
			children = (
				7152AB1E2964A38000070990 /* AppDelegate.swift */,
				7152AB202964A38000070990 /* SceneDelegate.swift */,
				7152AB352964A39900070990 /* Elements */,
				7152AB382964A4A400070990 /* RocketSpaceXViewController */,
				7152AB422964A55700070990 /* Core */,
				7152AB492964A5AD00070990 /* Extansions */,
				7152AB242964A38000070990 /* Main.storyboard */,
				7152AB2A2964A38100070990 /* Assets.xcassets */,
				7152AB2C2964A38100070990 /* LaunchScreen.storyboard */,
				7152AB2F2964A38100070990 /* Info.plist */,
				7152AB272964A38000070990 /* SpaceX.xcdatamodeld */,
			);
			path = SpaceX;
			sourceTree = "<group>";
		};
		7152AB352964A39900070990 /* Elements */ = {
			isa = PBXGroup;
			children = (
				7152AB362964A3C700070990 /* FirstLaunchesView.swift */,
			);
			path = Elements;
			sourceTree = "<group>";
		};
		7152AB382964A4A400070990 /* RocketSpaceXViewController */ = {
			isa = PBXGroup;
			children = (
				7152AB392964A4B400070990 /* Model */,
				7152AB3E2964A50000070990 /* Controller */,
			);
			path = RocketSpaceXViewController;
			sourceTree = "<group>";
		};
		7152AB392964A4B400070990 /* Model */ = {
			isa = PBXGroup;
			children = (
				7152AB3A2964A4E600070990 /* RocketsModel.swift */,
				7152AB3C2964A4F200070990 /* RocketInfoModel.swift */,
			);
			path = Model;
			sourceTree = "<group>";
		};
		7152AB3E2964A50000070990 /* Controller */ = {
			isa = PBXGroup;
			children = (
				7152AB3F2964A50900070990 /* Cell */,
				7152AB402964A51700070990 /* RocketsSpaceXViewController.swift */,
			);
			path = Controller;
			sourceTree = "<group>";
		};
		7152AB3F2964A50900070990 /* Cell */ = {
			isa = PBXGroup;
			children = (
				7152AB4E2964A6BD00070990 /* RocketInfoCollectionViewCell.swift */,
			);
			path = Cell;
			sourceTree = "<group>";
		};
		7152AB422964A55700070990 /* Core */ = {
			isa = PBXGroup;
			children = (
				7152AB432964A55F00070990 /* NetworkService */,
			);
			name = Core;
			sourceTree = "<group>";
		};
		7152AB432964A55F00070990 /* NetworkService */ = {
			isa = PBXGroup;
			children = (
				7152AB442964A56A00070990 /* Api */,
				7152AB452964A58A00070990 /* NetworkService.swift */,
				7152AB472964A59B00070990 /* INetworkService.swift */,
			);
			name = NetworkService;
			sourceTree = "<group>";
		};
		7152AB442964A56A00070990 /* Api */ = {
			isa = PBXGroup;
			children = (
				7152AB4C2964A67000070990 /* Url.swift */,
			);
			name = Api;
			sourceTree = "<group>";
		};
		7152AB492964A5AD00070990 /* Extansions */ = {
			isa = PBXGroup;
			children = (
				7152AB4A2964A5CD00070990 /* UIImageView+Extension.swift */,
			);
			path = Extansions;
			sourceTree = "<group>";
		};
/* End PBXGroup section */

/* Begin PBXNativeTarget section */
		7152AB1A2964A38000070990 /* SpaceX */ = {
			isa = PBXNativeTarget;
			buildConfigurationList = 7152AB322964A38100070990 /* Build configuration list for PBXNativeTarget "SpaceX" */;
			buildPhases = (
				7152AB172964A38000070990 /* Sources */,
				7152AB182964A38000070990 /* Frameworks */,
				7152AB192964A38000070990 /* Resources */,
			);
			buildRules = (
			);
			dependencies = (
			);
			name = SpaceX;
			productName = SpaceX;
			productReference = 7152AB1B2964A38000070990 /* SpaceX.app */;
			productType = "com.apple.product-type.application";
		};
/* End PBXNativeTarget section */

/* Begin PBXProject section */
		7152AB132964A38000070990 /* Project object */ = {
			isa = PBXProject;
			attributes = {
				BuildIndependentTargetsInParallel = 1;
				LastSwiftUpdateCheck = 1410;
				LastUpgradeCheck = 1410;
				TargetAttributes = {
					7152AB1A2964A38000070990 = {
						CreatedOnToolsVersion = 14.1;
					};
				};
			};
			buildConfigurationList = 7152AB162964A38000070990 /* Build configuration list for PBXProject "SpaceX" */;
			compatibilityVersion = "Xcode 14.0";
			developmentRegion = en;
			hasScannedForEncodings = 0;
			knownRegions = (
				en,
				Base,
			);
			mainGroup = 7152AB122964A38000070990;
			productRefGroup = 7152AB1C2964A38000070990 /* Products */;
			projectDirPath = "";
			projectRoot = "";
			targets = (
				7152AB1A2964A38000070990 /* SpaceX */,
			);
		};
/* End PBXProject section */

/* Begin PBXResourcesBuildPhase section */
		7152AB192964A38000070990 /* Resources */ = {
			isa = PBXResourcesBuildPhase;
			buildActionMask = 2147483647;
			files = (
				7152AB2E2964A38100070990 /* LaunchScreen.storyboard in Resources */,
				7152AB2B2964A38100070990 /* Assets.xcassets in Resources */,
				7152AB262964A38000070990 /* Main.storyboard in Resources */,
			);
			runOnlyForDeploymentPostprocessing = 0;
		};
/* End PBXResourcesBuildPhase section */

/* Begin PBXSourcesBuildPhase section */
		7152AB172964A38000070990 /* Sources */ = {
			isa = PBXSourcesBuildPhase;
			buildActionMask = 2147483647;
			files = (
				7152AB4B2964A5CD00070990 /* UIImageView+Extension.swift in Sources */,
				7152AB1F2964A38000070990 /* AppDelegate.swift in Sources */,
				7152AB212964A38000070990 /* SceneDelegate.swift in Sources */,
				7152AB462964A58A00070990 /* NetworkService.swift in Sources */,
				7152AB4F2964A6BD00070990 /* RocketInfoCollectionViewCell.swift in Sources */,
				7152AB3B2964A4E600070990 /* RocketsModel.swift in Sources */,
				7152AB3D2964A4F200070990 /* RocketInfoModel.swift in Sources */,
				7152AB372964A3C700070990 /* FirstLaunchesView.swift in Sources */,
				7152AB292964A38000070990 /* SpaceX.xcdatamodeld in Sources */,
				7152AB4D2964A67000070990 /* Url.swift in Sources */,
				7152AB412964A51700070990 /* RocketsSpaceXViewController.swift in Sources */,
				7152AB482964A59B00070990 /* INetworkService.swift in Sources */,
			);
			runOnlyForDeploymentPostprocessing = 0;
		};
/* End PBXSourcesBuildPhase section */

/* Begin PBXVariantGroup section */
		7152AB242964A38000070990 /* Main.storyboard */ = {
			isa = PBXVariantGroup;
			children = (
				7152AB252964A38000070990 /* Base */,
			);
			name = Main.storyboard;
			sourceTree = "<group>";
		};
		7152AB2C2964A38100070990 /* LaunchScreen.storyboard */ = {
			isa = PBXVariantGroup;
			children = (
				7152AB2D2964A38100070990 /* Base */,
			);
			name = LaunchScreen.storyboard;
			sourceTree = "<group>";
		};
/* End PBXVariantGroup section */

/* Begin XCBuildConfiguration section */
		7152AB302964A38100070990 /* Debug */ = {
			isa = XCBuildConfiguration;
			buildSettings = {
				ALWAYS_SEARCH_USER_PATHS = NO;
				CLANG_ANALYZER_NONNULL = YES;
				CLANG_ANALYZER_NUMBER_OBJECT_CONVERSION = YES_AGGRESSIVE;
				CLANG_CXX_LANGUAGE_STANDARD = "gnu++20";
				CLANG_ENABLE_MODULES = YES;
				CLANG_ENABLE_OBJC_ARC = YES;
				CLANG_ENABLE_OBJC_WEAK = YES;
				CLANG_WARN_BLOCK_CAPTURE_AUTORELEASING = YES;
				CLANG_WARN_BOOL_CONVERSION = YES;
				CLANG_WARN_COMMA = YES;
				CLANG_WARN_CONSTANT_CONVERSION = YES;
				CLANG_WARN_DEPRECATED_OBJC_IMPLEMENTATIONS = YES;
				CLANG_WARN_DIRECT_OBJC_ISA_USAGE = YES_ERROR;
				CLANG_WARN_DOCUMENTATION_COMMENTS = YES;
				CLANG_WARN_EMPTY_BODY = YES;
				CLANG_WARN_ENUM_CONVERSION = YES;
				CLANG_WARN_INFINITE_RECURSION = YES;
				CLANG_WARN_INT_CONVERSION = YES;
				CLANG_WARN_NON_LITERAL_NULL_CONVERSION = YES;
				CLANG_WARN_OBJC_IMPLICIT_RETAIN_SELF = YES;
				CLANG_WARN_OBJC_LITERAL_CONVERSION = YES;
				CLANG_WARN_OBJC_ROOT_CLASS = YES_ERROR;
				CLANG_WARN_QUOTED_INCLUDE_IN_FRAMEWORK_HEADER = YES;
				CLANG_WARN_RANGE_LOOP_ANALYSIS = YES;
				CLANG_WARN_STRICT_PROTOTYPES = YES;
				CLANG_WARN_SUSPICIOUS_MOVE = YES;
				CLANG_WARN_UNGUARDED_AVAILABILITY = YES_AGGRESSIVE;
				CLANG_WARN_UNREACHABLE_CODE = YES;
				CLANG_WARN__DUPLICATE_METHOD_MATCH = YES;
				COPY_PHASE_STRIP = NO;
				DEBUG_INFORMATION_FORMAT = dwarf;
				ENABLE_STRICT_OBJC_MSGSEND = YES;
				ENABLE_TESTABILITY = YES;
				GCC_C_LANGUAGE_STANDARD = gnu11;
				GCC_DYNAMIC_NO_PIC = NO;
				GCC_NO_COMMON_BLOCKS = YES;
				GCC_OPTIMIZATION_LEVEL = 0;
				GCC_PREPROCESSOR_DEFINITIONS = (
					"DEBUG=1",
					"$(inherited)",
				);
				GCC_WARN_64_TO_32_BIT_CONVERSION = YES;
				GCC_WARN_ABOUT_RETURN_TYPE = YES_ERROR;
				GCC_WARN_UNDECLARED_SELECTOR = YES;
				GCC_WARN_UNINITIALIZED_AUTOS = YES_AGGRESSIVE;
				GCC_WARN_UNUSED_FUNCTION = YES;
				GCC_WARN_UNUSED_VARIABLE = YES;
				IPHONEOS_DEPLOYMENT_TARGET = 16.1;
				MTL_ENABLE_DEBUG_INFO = INCLUDE_SOURCE;
				MTL_FAST_MATH = YES;
				ONLY_ACTIVE_ARCH = YES;
				SDKROOT = iphoneos;
				SWIFT_ACTIVE_COMPILATION_CONDITIONS = DEBUG;
				SWIFT_OPTIMIZATION_LEVEL = "-Onone";
			};
			name = Debug;
		};
		7152AB312964A38100070990 /* Release */ = {
			isa = XCBuildConfiguration;
			buildSettings = {
				ALWAYS_SEARCH_USER_PATHS = NO;
				CLANG_ANALYZER_NONNULL = YES;
				CLANG_ANALYZER_NUMBER_OBJECT_CONVERSION = YES_AGGRESSIVE;
				CLANG_CXX_LANGUAGE_STANDARD = "gnu++20";
				CLANG_ENABLE_MODULES = YES;
				CLANG_ENABLE_OBJC_ARC = YES;
				CLANG_ENABLE_OBJC_WEAK = YES;
				CLANG_WARN_BLOCK_CAPTURE_AUTORELEASING = YES;
				CLANG_WARN_BOOL_CONVERSION = YES;
				CLANG_WARN_COMMA = YES;
				CLANG_WARN_CONSTANT_CONVERSION = YES;
				CLANG_WARN_DEPRECATED_OBJC_IMPLEMENTATIONS = YES;
				CLANG_WARN_DIRECT_OBJC_ISA_USAGE = YES_ERROR;
				CLANG_WARN_DOCUMENTATION_COMMENTS = YES;
				CLANG_WARN_EMPTY_BODY = YES;
				CLANG_WARN_ENUM_CONVERSION = YES;
				CLANG_WARN_INFINITE_RECURSION = YES;
				CLANG_WARN_INT_CONVERSION = YES;
				CLANG_WARN_NON_LITERAL_NULL_CONVERSION = YES;
				CLANG_WARN_OBJC_IMPLICIT_RETAIN_SELF = YES;
				CLANG_WARN_OBJC_LITERAL_CONVERSION = YES;
				CLANG_WARN_OBJC_ROOT_CLASS = YES_ERROR;
				CLANG_WARN_QUOTED_INCLUDE_IN_FRAMEWORK_HEADER = YES;
				CLANG_WARN_RANGE_LOOP_ANALYSIS = YES;
				CLANG_WARN_STRICT_PROTOTYPES = YES;
				CLANG_WARN_SUSPICIOUS_MOVE = YES;
				CLANG_WARN_UNGUARDED_AVAILABILITY = YES_AGGRESSIVE;
				CLANG_WARN_UNREACHABLE_CODE = YES;
				CLANG_WARN__DUPLICATE_METHOD_MATCH = YES;
				COPY_PHASE_STRIP = NO;
				DEBUG_INFORMATION_FORMAT = "dwarf-with-dsym";
				ENABLE_NS_ASSERTIONS = NO;
				ENABLE_STRICT_OBJC_MSGSEND = YES;
				GCC_C_LANGUAGE_STANDARD = gnu11;
				GCC_NO_COMMON_BLOCKS = YES;
				GCC_WARN_64_TO_32_BIT_CONVERSION = YES;
				GCC_WARN_ABOUT_RETURN_TYPE = YES_ERROR;
				GCC_WARN_UNDECLARED_SELECTOR = YES;
				GCC_WARN_UNINITIALIZED_AUTOS = YES_AGGRESSIVE;
				GCC_WARN_UNUSED_FUNCTION = YES;
				GCC_WARN_UNUSED_VARIABLE = YES;
				IPHONEOS_DEPLOYMENT_TARGET = 16.1;
				MTL_ENABLE_DEBUG_INFO = NO;
				MTL_FAST_MATH = YES;
				SDKROOT = iphoneos;
				SWIFT_COMPILATION_MODE = wholemodule;
				SWIFT_OPTIMIZATION_LEVEL = "-O";
				VALIDATE_PRODUCT = YES;
			};
			name = Release;
		};
		7152AB332964A38100070990 /* Debug */ = {
			isa = XCBuildConfiguration;
			buildSettings = {
				ASSETCATALOG_COMPILER_APPICON_NAME = AppIcon;
				ASSETCATALOG_COMPILER_GLOBAL_ACCENT_COLOR_NAME = AccentColor;
				CODE_SIGN_STYLE = Automatic;
				CURRENT_PROJECT_VERSION = 1;
				DEVELOPMENT_TEAM = Q4YDTP8UWA;
				GENERATE_INFOPLIST_FILE = YES;
				INFOPLIST_FILE = SpaceX/Info.plist;
				INFOPLIST_KEY_UIApplicationSupportsIndirectInputEvents = YES;
				INFOPLIST_KEY_UILaunchStoryboardName = LaunchScreen;
				INFOPLIST_KEY_UIMainStoryboardFile = Main;
				INFOPLIST_KEY_UISupportedInterfaceOrientations_iPad = "UIInterfaceOrientationPortrait UIInterfaceOrientationPortraitUpsideDown UIInterfaceOrientationLandscapeLeft UIInterfaceOrientationLandscapeRight";
				INFOPLIST_KEY_UISupportedInterfaceOrientations_iPhone = "UIInterfaceOrientationPortrait UIInterfaceOrientationLandscapeLeft UIInterfaceOrientationLandscapeRight";
				LD_RUNPATH_SEARCH_PATHS = (
					"$(inherited)",
					"@executable_path/Frameworks",
				);
				MARKETING_VERSION = 1.0;
				PRODUCT_BUNDLE_IDENTIFIER = ru.BogdanBarinov.SpaceX;
				PRODUCT_NAME = "$(TARGET_NAME)";
				SWIFT_EMIT_LOC_STRINGS = YES;
				SWIFT_VERSION = 5.0;
				TARGETED_DEVICE_FAMILY = "1,2";
			};
			name = Debug;
		};
		7152AB342964A38100070990 /* Release */ = {
			isa = XCBuildConfiguration;
			buildSettings = {
				ASSETCATALOG_COMPILER_APPICON_NAME = AppIcon;
				ASSETCATALOG_COMPILER_GLOBAL_ACCENT_COLOR_NAME = AccentColor;
				CODE_SIGN_STYLE = Automatic;
				CURRENT_PROJECT_VERSION = 1;
				DEVELOPMENT_TEAM = Q4YDTP8UWA;
				GENERATE_INFOPLIST_FILE = YES;
				INFOPLIST_FILE = SpaceX/Info.plist;
				INFOPLIST_KEY_UIApplicationSupportsIndirectInputEvents = YES;
				INFOPLIST_KEY_UILaunchStoryboardName = LaunchScreen;
				INFOPLIST_KEY_UIMainStoryboardFile = Main;
				INFOPLIST_KEY_UISupportedInterfaceOrientations_iPad = "UIInterfaceOrientationPortrait UIInterfaceOrientationPortraitUpsideDown UIInterfaceOrientationLandscapeLeft UIInterfaceOrientationLandscapeRight";
				INFOPLIST_KEY_UISupportedInterfaceOrientations_iPhone = "UIInterfaceOrientationPortrait UIInterfaceOrientationLandscapeLeft UIInterfaceOrientationLandscapeRight";
				LD_RUNPATH_SEARCH_PATHS = (
					"$(inherited)",
					"@executable_path/Frameworks",
				);
				MARKETING_VERSION = 1.0;
				PRODUCT_BUNDLE_IDENTIFIER = ru.BogdanBarinov.SpaceX;
				PRODUCT_NAME = "$(TARGET_NAME)";
				SWIFT_EMIT_LOC_STRINGS = YES;
				SWIFT_VERSION = 5.0;
				TARGETED_DEVICE_FAMILY = "1,2";
			};
			name = Release;
		};
/* End XCBuildConfiguration section */

/* Begin XCConfigurationList section */
		7152AB162964A38000070990 /* Build configuration list for PBXProject "SpaceX" */ = {
			isa = XCConfigurationList;
			buildConfigurations = (
				7152AB302964A38100070990 /* Debug */,
				7152AB312964A38100070990 /* Release */,
			);
			defaultConfigurationIsVisible = 0;
			defaultConfigurationName = Release;
		};
		7152AB322964A38100070990 /* Build configuration list for PBXNativeTarget "SpaceX" */ = {
			isa = XCConfigurationList;
			buildConfigurations = (
				7152AB332964A38100070990 /* Debug */,
				7152AB342964A38100070990 /* Release */,
			);
			defaultConfigurationIsVisible = 0;
			defaultConfigurationName = Release;
		};
/* End XCConfigurationList section */

/* Begin XCVersionGroup section */
		7152AB272964A38000070990 /* SpaceX.xcdatamodeld */ = {
			isa = XCVersionGroup;
			children = (
				7152AB282964A38000070990 /* SpaceX.xcdatamodel */,
			);
			currentVersion = 7152AB282964A38000070990 /* SpaceX.xcdatamodel */;
			path = SpaceX.xcdatamodeld;
			sourceTree = "<group>";
			versionGroupType = wrapper.xcdatamodel;
		};
/* End XCVersionGroup section */
	};
	rootObject = 7152AB132964A38000070990 /* Project object */;
}
